
Microsoft Visual Studio Solution File, Format Version 12.00
# Visual Studio 15
VisualStudioVersion = 15.0.26124.0
MinimumVisualStudioVersion = 15.0.26124.0
Project("{2150E333-8FDC-42A3-9474-1A3956D46DE8}") = "src", "src", "{0C548068-4D11-4B59-95AD-C61E147D8965}"
EndProject
Project("{FAE04EC0-301F-11D3-BF4B-00C04F79EFBC}") = "SampleAzureServiceBus.Sender", "src\SampleAzureServiceBus.Sender\SampleAzureServiceBus.Sender.csproj", "{DBD60684-6201-4329-B3FC-62BCC5081F96}"
EndProject
Project("{FAE04EC0-301F-11D3-BF4B-00C04F79EFBC}") = "SampleAzureServiceBus.Receiver", "src\SampleAzureServiceBus.Receiver\SampleAzureServiceBus.Receiver.csproj", "{09860EF3-799A-419A-8114-CAF99F5D4018}"
EndProject
Global
	GlobalSection(SolutionConfigurationPlatforms) = preSolution
		Debug|Any CPU = Debug|Any CPU
		Debug|x64 = Debug|x64
		Debug|x86 = Debug|x86
		Release|Any CPU = Release|Any CPU
		Release|x64 = Release|x64
		Release|x86 = Release|x86
	EndGlobalSection
	GlobalSection(SolutionProperties) = preSolution
		HideSolutionNode = FALSE
	EndGlobalSection
	GlobalSection(ProjectConfigurationPlatforms) = postSolution
		{DBD60684-6201-4329-B3FC-62BCC5081F96}.Debug|Any CPU.ActiveCfg = Debug|Any CPU
		{DBD60684-6201-4329-B3FC-62BCC5081F96}.Debug|Any CPU.Build.0 = Debug|Any CPU
		{DBD60684-6201-4329-B3FC-62BCC5081F96}.Debug|x64.ActiveCfg = Debug|Any CPU
		{DBD60684-6201-4329-B3FC-62BCC5081F96}.Debug|x64.Build.0 = Debug|Any CPU
		{DBD60684-6201-4329-B3FC-62BCC5081F96}.Debug|x86.ActiveCfg = Debug|Any CPU
		{DBD60684-6201-4329-B3FC-62BCC5081F96}.Debug|x86.Build.0 = Debug|Any CPU
		{DBD60684-6201-4329-B3FC-62BCC5081F96}.Release|Any CPU.ActiveCfg = Release|Any CPU
		{DBD60684-6201-4329-B3FC-62BCC5081F96}.Release|Any CPU.Build.0 = Release|Any CPU
		{DBD60684-6201-4329-B3FC-62BCC5081F96}.Release|x64.ActiveCfg = Release|Any CPU
		{DBD60684-6201-4329-B3FC-62BCC5081F96}.Release|x64.Build.0 = Release|Any CPU
		{DBD60684-6201-4329-B3FC-62BCC5081F96}.Release|x86.ActiveCfg = Release|Any CPU
		{DBD60684-6201-4329-B3FC-62BCC5081F96}.Release|x86.Build.0 = Release|Any CPU
		{09860EF3-799A-419A-8114-CAF99F5D4018}.Debug|Any CPU.ActiveCfg = Debug|Any CPU
		{09860EF3-799A-419A-8114-CAF99F5D4018}.Debug|Any CPU.Build.0 = Debug|Any CPU
		{09860EF3-799A-419A-8114-CAF99F5D4018}.Debug|x64.ActiveCfg = Debug|Any CPU
		{09860EF3-799A-419A-8114-CAF99F5D4018}.Debug|x64.Build.0 = Debug|Any CPU
		{09860EF3-799A-419A-8114-CAF99F5D4018}.Debug|x86.ActiveCfg = Debug|Any CPU
		{09860EF3-799A-419A-8114-CAF99F5D4018}.Debug|x86.Build.0 = Debug|Any CPU
		{09860EF3-799A-419A-8114-CAF99F5D4018}.Release|Any CPU.ActiveCfg = Release|Any CPU
		{09860EF3-799A-419A-8114-CAF99F5D4018}.Release|Any CPU.Build.0 = Release|Any CPU
		{09860EF3-799A-419A-8114-CAF99F5D4018}.Release|x64.ActiveCfg = Release|Any CPU
		{09860EF3-799A-419A-8114-CAF99F5D4018}.Release|x64.Build.0 = Release|Any CPU
		{09860EF3-799A-419A-8114-CAF99F5D4018}.Release|x86.ActiveCfg = Release|Any CPU
		{09860EF3-799A-419A-8114-CAF99F5D4018}.Release|x86.Build.0 = Release|Any CPU
	EndGlobalSection
	GlobalSection(NestedProjects) = preSolution
		{DBD60684-6201-4329-B3FC-62BCC5081F96} = {0C548068-4D11-4B59-95AD-C61E147D8965}
		{09860EF3-799A-419A-8114-CAF99F5D4018} = {0C548068-4D11-4B59-95AD-C61E147D8965}
	EndGlobalSection
EndGlobal
